
Microsoft Visual Studio Solution File, Format Version 12.00
# Visual Studio Version 17
VisualStudioVersion = 17.6.33801.468
MinimumVisualStudioVersion = 10.0.40219.1
Project("{FAE04EC0-301F-11D3-BF4B-00C04F79EFBC}") = "WpfDocumentsApp", "WpfDocumentsApp\WpfDocumentsApp.csproj", "{B734DE40-8ABD-470E-85EA-E0AC137A4535}"
EndProject
Global
	GlobalSection(SolutionConfigurationPlatforms) = preSolution
		Debug|Any CPU = Debug|Any CPU
		Release|Any CPU = Release|Any CPU
	EndGlobalSection
	GlobalSection(ProjectConfigurationPlatforms) = postSolution
		{B734DE40-8ABD-470E-85EA-E0AC137A4535}.Debug|Any CPU.ActiveCfg = Debug|Any CPU
		{B734DE40-8ABD-470E-85EA-E0AC137A4535}.Debug|Any CPU.Build.0 = Debug|Any CPU
		{B734DE40-8ABD-470E-85EA-E0AC137A4535}.Release|Any CPU.ActiveCfg = Release|Any CPU
		{B734DE40-8ABD-470E-85EA-E0AC137A4535}.Release|Any CPU.Build.0 = Release|Any CPU
	EndGlobalSection
	GlobalSection(SolutionProperties) = preSolution
		HideSolutionNode = FALSE
	EndGlobalSection
	GlobalSection(ExtensibilityGlobals) = postSolution
		SolutionGuid = {6D67B1E9-13F5-4B0A-BE28-8A80196B76BE}
	EndGlobalSection
EndGlobal
